
Microsoft Visual Studio Solution File, Format Version 12.00
# Visual Studio Version 16
VisualStudioVersion = 16.0.30204.135
MinimumVisualStudioVersion = 10.0.40219.1
Project("{FAE04EC0-301F-11D3-BF4B-00C04F79EFBC}") = "WindowsFormsApp1", "WindowsFormsApp1\WindowsFormsApp1.csproj", "{C1DD6AEE-AF23-49A2-9EBD-7A0520A397D1}"
EndProject
Global
	GlobalSection(SolutionConfigurationPlatforms) = preSolution
		Debug|Any CPU = Debug|Any CPU
		Release|Any CPU = Release|Any CPU
	EndGlobalSection
	GlobalSection(ProjectConfigurationPlatforms) = postSolution
		{C1DD6AEE-AF23-49A2-9EBD-7A0520A397D1}.Debug|Any CPU.ActiveCfg = Debug|Any CPU
		{C1DD6AEE-AF23-49A2-9EBD-7A0520A397D1}.Debug|Any CPU.Build.0 = Debug|Any CPU
		{C1DD6AEE-AF23-49A2-9EBD-7A0520A397D1}.Release|Any CPU.ActiveCfg = Release|Any CPU
		{C1DD6AEE-AF23-49A2-9EBD-7A0520A397D1}.Release|Any CPU.Build.0 = Release|Any CPU
	EndGlobalSection
	GlobalSection(SolutionProperties) = preSolution
		HideSolutionNode = FALSE
	EndGlobalSection
	GlobalSection(ExtensibilityGlobals) = postSolution
		SolutionGuid = {78A37CB8-BF4F-4204-9E30-6BC260B828CF}
	EndGlobalSection
EndGlobal
